{
  "pins" : [
    {
      "identity" : "throttler",
      "kind" : "remoteSourceControl",
      "location" : "https://github.com/boraseoksoon/Throttler",
      "state" : {
        "revision" : "f0f7380710bdda5a530d6c4850213242166af7ec",
        "version" : "1.0.9"
      }
    }
  ],
  "version" : 2
}
